
Microsoft Visual Studio Solution File, Format Version 12.00
# Visual Studio Version 16
VisualStudioVersion = 16.0.31321.278
MinimumVisualStudioVersion = 10.0.40219.1
Project("{FAE04EC0-301F-11D3-BF4B-00C04F79EFBC}") = "Delegates_Eventos", "Delegates_Eventos.csproj", "{56A19E75-25B8-4875-B7F6-7821A1B1592C}"
EndProject
Global
	GlobalSection(SolutionConfigurationPlatforms) = preSolution
		Debug|Any CPU = Debug|Any CPU
		Release|Any CPU = Release|Any CPU
	EndGlobalSection
	GlobalSection(ProjectConfigurationPlatforms) = postSolution
		{56A19E75-25B8-4875-B7F6-7821A1B1592C}.Debug|Any CPU.ActiveCfg = Debug|Any CPU
		{56A19E75-25B8-4875-B7F6-7821A1B1592C}.Debug|Any CPU.Build.0 = Debug|Any CPU
		{56A19E75-25B8-4875-B7F6-7821A1B1592C}.Release|Any CPU.ActiveCfg = Release|Any CPU
		{56A19E75-25B8-4875-B7F6-7821A1B1592C}.Release|Any CPU.Build.0 = Release|Any CPU
	EndGlobalSection
	GlobalSection(SolutionProperties) = preSolution
		HideSolutionNode = FALSE
	EndGlobalSection
	GlobalSection(ExtensibilityGlobals) = postSolution
		SolutionGuid = {AF567660-DA4F-43AE-B771-2A757B9B3ED4}
	EndGlobalSection
EndGlobal
